
Microsoft Visual Studio Solution File, Format Version 12.00
# Visual Studio 15
VisualStudioVersion = 15.0.28307.572
MinimumVisualStudioVersion = 10.0.40219.1
Project("{FAE04EC0-301F-11D3-BF4B-00C04F79EFBC}") = "Modul01_HalloWPF", "HalloWPF\Modul01_HalloWPF.csproj", "{D3EB35D6-69CD-4970-BE3B-635CB7454398}"
EndProject
Project("{FAE04EC0-301F-11D3-BF4B-00C04F79EFBC}") = "Modul02_Steuerelemente", "Steuerelemente\Modul02_Steuerelemente.csproj", "{E1F0665A-2A63-418F-986B-79FE559CD28E}"
EndProject
Project("{FAE04EC0-301F-11D3-BF4B-00C04F79EFBC}") = "Modul03.1_Container", "Container\Modul03.1_Container.csproj", "{DFA67B7C-D2DF-4C3C-A6F5-9C20A50E44B7}"
EndProject
Project("{FAE04EC0-301F-11D3-BF4B-00C04F79EFBC}") = "Modul03.2_Uebung_Textbox", "Uebung_Textbox\Modul03.2_Uebung_Textbox.csproj", "{2EB8C3A6-C09F-469B-96BE-F0FE9702D64A}"
EndProject
Project("{FAE04EC0-301F-11D3-BF4B-00C04F79EFBC}") = "PersonenDB_Bsp", "PersonenDB_Bsp\PersonenDB_Bsp.csproj", "{F52875D1-F015-4E23-B73E-AA234E1F0238}"
EndProject
Project("{FAE04EC0-301F-11D3-BF4B-00C04F79EFBC}") = "Modul04_EventRouting", "EventRouting\Modul04_EventRouting.csproj", "{A074C101-F572-4C00-B1F9-5E4D45533893}"
EndProject
Project("{FAE04EC0-301F-11D3-BF4B-00C04F79EFBC}") = "Modul14_Animationen", "Animationen\Modul14_Animationen.csproj", "{8F8F795C-065A-4158-893A-FD901AB66EE2}"
EndProject
Project("{FAE04EC0-301F-11D3-BF4B-00C04F79EFBC}") = "Modul06_Ressourcen", "Ressourcen\Modul06_Ressourcen.csproj", "{3B389D5B-E9F6-40D2-A916-419E25E057F9}"
EndProject
Project("{FAE04EC0-301F-11D3-BF4B-00C04F79EFBC}") = "Modul05.1_Bindings", "Bindings\Modul05.1_Bindings.csproj", "{EC8F037B-AED7-4A6D-A3FD-4D7128D9618C}"
EndProject
Project("{FAE04EC0-301F-11D3-BF4B-00C04F79EFBC}") = "Modul05.2_ValueConverter", "ValueConverter\Modul05.2_ValueConverter.csproj", "{82C6D33D-698D-48D5-88BE-89035BC8D741}"
EndProject
Project("{FAE04EC0-301F-11D3-BF4B-00C04F79EFBC}") = "Modul07_Styles", "Styles\Modul07_Styles.csproj", "{16020EA2-270F-4E48-9BDF-25A33BC5D22B}"
EndProject
Project("{FAE04EC0-301F-11D3-BF4B-00C04F79EFBC}") = "Modul08_Templates", "Templates\Modul08_Templates.csproj", "{9746BFC3-3871-4058-B4B7-4326794C87CD}"
EndProject
Project("{FAE04EC0-301F-11D3-BF4B-00C04F79EFBC}") = "Modul15_Lokalisierung", "Lokalisierung\Modul15_Lokalisierung.csproj", "{825CF716-BEDF-45CB-BE9F-EEE0E4511940}"
EndProject
Project("{FAE04EC0-301F-11D3-BF4B-00C04F79EFBC}") = "Modul09_Validierung", "Validierung\Modul09_Validierung.csproj", "{1433F8EC-73DE-442C-AC62-B62BDD4521DB}"
EndProject
Project("{FAE04EC0-301F-11D3-BF4B-00C04F79EFBC}") = "Modul10_RelativeSources", "RelativeSources\Modul10_RelativeSources.csproj", "{30786563-3888-4C78-B6A5-E718744851BB}"
EndProject
Project("{FAE04EC0-301F-11D3-BF4B-00C04F79EFBC}") = "Modul11_Triggers", "Triggers\Modul11_Triggers.csproj", "{862E7E6D-60CF-4BB0-9EFA-523131FB638B}"
EndProject
Project("{FAE04EC0-301F-11D3-BF4B-00C04F79EFBC}") = "Modul12_UserControl", "UserControl\Modul12_UserControl.csproj", "{43D8F231-00DA-4FD9-9DC2-7C8B712D685B}"
EndProject
Project("{FAE04EC0-301F-11D3-BF4B-00C04F79EFBC}") = "Modul13_Commands", "Commands\Modul13_Commands.csproj", "{8430708A-E8C2-4454-A1D6-96C0C45E5250}"
EndProject
Project("{FAE04EC0-301F-11D3-BF4B-00C04F79EFBC}") = "MVVM_PersonenDB_Bsp", "MVVM_PersonenDB_Bsp\MVVM_PersonenDB_Bsp.csproj", "{C1338E0A-3109-4F72-8394-D27E0BF736E2}"
EndProject
Global
	GlobalSection(SolutionConfigurationPlatforms) = preSolution
		Debug|Any CPU = Debug|Any CPU
		Release|Any CPU = Release|Any CPU
	EndGlobalSection
	GlobalSection(ProjectConfigurationPlatforms) = postSolution
		{D3EB35D6-69CD-4970-BE3B-635CB7454398}.Debug|Any CPU.ActiveCfg = Debug|Any CPU
		{D3EB35D6-69CD-4970-BE3B-635CB7454398}.Debug|Any CPU.Build.0 = Debug|Any CPU
		{D3EB35D6-69CD-4970-BE3B-635CB7454398}.Release|Any CPU.ActiveCfg = Release|Any CPU
		{D3EB35D6-69CD-4970-BE3B-635CB7454398}.Release|Any CPU.Build.0 = Release|Any CPU
		{E1F0665A-2A63-418F-986B-79FE559CD28E}.Debug|Any CPU.ActiveCfg = Debug|Any CPU
		{E1F0665A-2A63-418F-986B-79FE559CD28E}.Debug|Any CPU.Build.0 = Debug|Any CPU
		{E1F0665A-2A63-418F-986B-79FE559CD28E}.Release|Any CPU.ActiveCfg = Release|Any CPU
		{E1F0665A-2A63-418F-986B-79FE559CD28E}.Release|Any CPU.Build.0 = Release|Any CPU
		{DFA67B7C-D2DF-4C3C-A6F5-9C20A50E44B7}.Debug|Any CPU.ActiveCfg = Debug|Any CPU
		{DFA67B7C-D2DF-4C3C-A6F5-9C20A50E44B7}.Debug|Any CPU.Build.0 = Debug|Any CPU
		{DFA67B7C-D2DF-4C3C-A6F5-9C20A50E44B7}.Release|Any CPU.ActiveCfg = Release|Any CPU
		{DFA67B7C-D2DF-4C3C-A6F5-9C20A50E44B7}.Release|Any CPU.Build.0 = Release|Any CPU
		{2EB8C3A6-C09F-469B-96BE-F0FE9702D64A}.Debug|Any CPU.ActiveCfg = Debug|Any CPU
		{2EB8C3A6-C09F-469B-96BE-F0FE9702D64A}.Debug|Any CPU.Build.0 = Debug|Any CPU
		{2EB8C3A6-C09F-469B-96BE-F0FE9702D64A}.Release|Any CPU.ActiveCfg = Release|Any CPU
		{2EB8C3A6-C09F-469B-96BE-F0FE9702D64A}.Release|Any CPU.Build.0 = Release|Any CPU
		{F52875D1-F015-4E23-B73E-AA234E1F0238}.Debug|Any CPU.ActiveCfg = Debug|Any CPU
		{F52875D1-F015-4E23-B73E-AA234E1F0238}.Debug|Any CPU.Build.0 = Debug|Any CPU
		{F52875D1-F015-4E23-B73E-AA234E1F0238}.Release|Any CPU.ActiveCfg = Release|Any CPU
		{F52875D1-F015-4E23-B73E-AA234E1F0238}.Release|Any CPU.Build.0 = Release|Any CPU
		{A074C101-F572-4C00-B1F9-5E4D45533893}.Debug|Any CPU.ActiveCfg = Debug|Any CPU
		{A074C101-F572-4C00-B1F9-5E4D45533893}.Debug|Any CPU.Build.0 = Debug|Any CPU
		{A074C101-F572-4C00-B1F9-5E4D45533893}.Release|Any CPU.ActiveCfg = Release|Any CPU
		{A074C101-F572-4C00-B1F9-5E4D45533893}.Release|Any CPU.Build.0 = Release|Any CPU
		{8F8F795C-065A-4158-893A-FD901AB66EE2}.Debug|Any CPU.ActiveCfg = Debug|Any CPU
		{8F8F795C-065A-4158-893A-FD901AB66EE2}.Debug|Any CPU.Build.0 = Debug|Any CPU
		{8F8F795C-065A-4158-893A-FD901AB66EE2}.Release|Any CPU.ActiveCfg = Release|Any CPU
		{8F8F795C-065A-4158-893A-FD901AB66EE2}.Release|Any CPU.Build.0 = Release|Any CPU
		{3B389D5B-E9F6-40D2-A916-419E25E057F9}.Debug|Any CPU.ActiveCfg = Debug|Any CPU
		{3B389D5B-E9F6-40D2-A916-419E25E057F9}.Debug|Any CPU.Build.0 = Debug|Any CPU
		{3B389D5B-E9F6-40D2-A916-419E25E057F9}.Release|Any CPU.ActiveCfg = Release|Any CPU
		{3B389D5B-E9F6-40D2-A916-419E25E057F9}.Release|Any CPU.Build.0 = Release|Any CPU
		{EC8F037B-AED7-4A6D-A3FD-4D7128D9618C}.Debug|Any CPU.ActiveCfg = Debug|Any CPU
		{EC8F037B-AED7-4A6D-A3FD-4D7128D9618C}.Debug|Any CPU.Build.0 = Debug|Any CPU
		{EC8F037B-AED7-4A6D-A3FD-4D7128D9618C}.Release|Any CPU.ActiveCfg = Release|Any CPU
		{EC8F037B-AED7-4A6D-A3FD-4D7128D9618C}.Release|Any CPU.Build.0 = Release|Any CPU
		{82C6D33D-698D-48D5-88BE-89035BC8D741}.Debug|Any CPU.ActiveCfg = Debug|Any CPU
		{82C6D33D-698D-48D5-88BE-89035BC8D741}.Debug|Any CPU.Build.0 = Debug|Any CPU
		{82C6D33D-698D-48D5-88BE-89035BC8D741}.Release|Any CPU.ActiveCfg = Release|Any CPU
		{82C6D33D-698D-48D5-88BE-89035BC8D741}.Release|Any CPU.Build.0 = Release|Any CPU
		{16020EA2-270F-4E48-9BDF-25A33BC5D22B}.Debug|Any CPU.ActiveCfg = Debug|Any CPU
		{16020EA2-270F-4E48-9BDF-25A33BC5D22B}.Debug|Any CPU.Build.0 = Debug|Any CPU
		{16020EA2-270F-4E48-9BDF-25A33BC5D22B}.Release|Any CPU.ActiveCfg = Release|Any CPU
		{16020EA2-270F-4E48-9BDF-25A33BC5D22B}.Release|Any CPU.Build.0 = Release|Any CPU
		{9746BFC3-3871-4058-B4B7-4326794C87CD}.Debug|Any CPU.ActiveCfg = Debug|Any CPU
		{9746BFC3-3871-4058-B4B7-4326794C87CD}.Debug|Any CPU.Build.0 = Debug|Any CPU
		{9746BFC3-3871-4058-B4B7-4326794C87CD}.Release|Any CPU.ActiveCfg = Release|Any CPU
		{9746BFC3-3871-4058-B4B7-4326794C87CD}.Release|Any CPU.Build.0 = Release|Any CPU
		{825CF716-BEDF-45CB-BE9F-EEE0E4511940}.Debug|Any CPU.ActiveCfg = Debug|Any CPU
		{825CF716-BEDF-45CB-BE9F-EEE0E4511940}.Debug|Any CPU.Build.0 = Debug|Any CPU
		{825CF716-BEDF-45CB-BE9F-EEE0E4511940}.Release|Any CPU.ActiveCfg = Release|Any CPU
		{825CF716-BEDF-45CB-BE9F-EEE0E4511940}.Release|Any CPU.Build.0 = Release|Any CPU
		{1433F8EC-73DE-442C-AC62-B62BDD4521DB}.Debug|Any CPU.ActiveCfg = Debug|Any CPU
		{1433F8EC-73DE-442C-AC62-B62BDD4521DB}.Debug|Any CPU.Build.0 = Debug|Any CPU
		{1433F8EC-73DE-442C-AC62-B62BDD4521DB}.Release|Any CPU.ActiveCfg = Release|Any CPU
		{1433F8EC-73DE-442C-AC62-B62BDD4521DB}.Release|Any CPU.Build.0 = Release|Any CPU
		{30786563-3888-4C78-B6A5-E718744851BB}.Debug|Any CPU.ActiveCfg = Debug|Any CPU
		{30786563-3888-4C78-B6A5-E718744851BB}.Debug|Any CPU.Build.0 = Debug|Any CPU
		{30786563-3888-4C78-B6A5-E718744851BB}.Release|Any CPU.ActiveCfg = Release|Any CPU
		{30786563-3888-4C78-B6A5-E718744851BB}.Release|Any CPU.Build.0 = Release|Any CPU
		{862E7E6D-60CF-4BB0-9EFA-523131FB638B}.Debug|Any CPU.ActiveCfg = Debug|Any CPU
		{862E7E6D-60CF-4BB0-9EFA-523131FB638B}.Debug|Any CPU.Build.0 = Debug|Any CPU
		{862E7E6D-60CF-4BB0-9EFA-523131FB638B}.Release|Any CPU.ActiveCfg = Release|Any CPU
		{862E7E6D-60CF-4BB0-9EFA-523131FB638B}.Release|Any CPU.Build.0 = Release|Any CPU
		{43D8F231-00DA-4FD9-9DC2-7C8B712D685B}.Debug|Any CPU.ActiveCfg = Debug|Any CPU
		{43D8F231-00DA-4FD9-9DC2-7C8B712D685B}.Debug|Any CPU.Build.0 = Debug|Any CPU
		{43D8F231-00DA-4FD9-9DC2-7C8B712D685B}.Release|Any CPU.ActiveCfg = Release|Any CPU
		{43D8F231-00DA-4FD9-9DC2-7C8B712D685B}.Release|Any CPU.Build.0 = Release|Any CPU
		{8430708A-E8C2-4454-A1D6-96C0C45E5250}.Debug|Any CPU.ActiveCfg = Debug|Any CPU
		{8430708A-E8C2-4454-A1D6-96C0C45E5250}.Debug|Any CPU.Build.0 = Debug|Any CPU
		{8430708A-E8C2-4454-A1D6-96C0C45E5250}.Release|Any CPU.ActiveCfg = Release|Any CPU
		{8430708A-E8C2-4454-A1D6-96C0C45E5250}.Release|Any CPU.Build.0 = Release|Any CPU
		{C1338E0A-3109-4F72-8394-D27E0BF736E2}.Debug|Any CPU.ActiveCfg = Debug|Any CPU
		{C1338E0A-3109-4F72-8394-D27E0BF736E2}.Debug|Any CPU.Build.0 = Debug|Any CPU
		{C1338E0A-3109-4F72-8394-D27E0BF736E2}.Release|Any CPU.ActiveCfg = Release|Any CPU
		{C1338E0A-3109-4F72-8394-D27E0BF736E2}.Release|Any CPU.Build.0 = Release|Any CPU
	EndGlobalSection
	GlobalSection(SolutionProperties) = preSolution
		HideSolutionNode = FALSE
	EndGlobalSection
	GlobalSection(ExtensibilityGlobals) = postSolution
		SolutionGuid = {0FC87084-CE4E-400C-BF7B-ECB600138A16}
	EndGlobalSection
EndGlobal
